// !$*UTF8*$!
{
	archiveVersion = 1;
	classes = {
	};
	objectVersion = 56;
	objects = {

/* Begin PBXBuildFile section */
		400930E12A9C664E009B31BF /* utils.c in Sources */ = {isa = PBXBuildFile; fileRef = 400930E02A9C664E009B31BF /* utils.c */; };
		404262F02A988CB200FE24A1 /* update.c in Sources */ = {isa = PBXBuildFile; fileRef = 404262EF2A988CB200FE24A1 /* update.c */; };
		406538C32A99C5220036DC67 /* SDL2_ttf.framework in Frameworks */ = {isa = PBXBuildFile; fileRef = 406538C22A99C5220036DC67 /* SDL2_ttf.framework */; };
		4081BA192A9326D0007CCF36 /* list.c in Sources */ = {isa = PBXBuildFile; fileRef = 4081BA182A9326D0007CCF36 /* list.c */; };
		4081BA1F2A935B98007CCF36 /* SDL2_mixer.framework in Frameworks */ = {isa = PBXBuildFile; fileRef = 4081BA1C2A935B98007CCF36 /* SDL2_mixer.framework */; };
		4081BA202A935B98007CCF36 /* SDL2_image.framework in Frameworks */ = {isa = PBXBuildFile; fileRef = 4081BA1D2A935B98007CCF36 /* SDL2_image.framework */; };
		4081BA212A935B98007CCF36 /* SDL2.framework in Frameworks */ = {isa = PBXBuildFile; fileRef = 4081BA1E2A935B98007CCF36 /* SDL2.framework */; };
		4081BA252A935DD0007CCF36 /* setup.c in Sources */ = {isa = PBXBuildFile; fileRef = 4081BA242A935DD0007CCF36 /* setup.c */; };
		40AA99022A8EE74300E7E0A1 /* main.c in Sources */ = {isa = PBXBuildFile; fileRef = 40AA99012A8EE74300E7E0A1 /* main.c */; };
		40BA4A7F2A945995008A789F /* render.c in Sources */ = {isa = PBXBuildFile; fileRef = 40BA4A7E2A945995008A789F /* render.c */; };
		40EABCD32A96F01D00D45925 /* input.c in Sources */ = {isa = PBXBuildFile; fileRef = 40EABCD22A96F01D00D45925 /* input.c */; };
/* End PBXBuildFile section */

/* Begin PBXCopyFilesBuildPhase section */
		40AA98FC2A8EE74300E7E0A1 /* CopyFiles */ = {
			isa = PBXCopyFilesBuildPhase;
			buildActionMask = 12;
			dstPath = usr/share/man/man1;
			dstSubfolderSpec = 16;
			files = (
			);
			runOnlyForDeploymentPostprocessing = 0;
		};
/* End PBXCopyFilesBuildPhase section */

/* Begin PBXFileReference section */
		400930DF2A9C664E009B31BF /* utils.h */ = {isa = PBXFileReference; lastKnownFileType = sourcecode.c.h; path = utils.h; sourceTree = "<group>"; };
		400930E02A9C664E009B31BF /* utils.c */ = {isa = PBXFileReference; lastKnownFileType = sourcecode.c.c; path = utils.c; sourceTree = "<group>"; };
		404262EE2A988CB200FE24A1 /* update.h */ = {isa = PBXFileReference; lastKnownFileType = sourcecode.c.h; path = update.h; sourceTree = "<group>"; };
		404262EF2A988CB200FE24A1 /* update.c */ = {isa = PBXFileReference; lastKnownFileType = sourcecode.c.c; path = update.c; sourceTree = "<group>"; };
		406538C22A99C5220036DC67 /* SDL2_ttf.framework */ = {isa = PBXFileReference; lastKnownFileType = wrapper.framework; name = SDL2_ttf.framework; path = ../../../../../../Library/Frameworks/SDL2_ttf.framework; sourceTree = "<group>"; };
		4081BA172A9326D0007CCF36 /* list.h */ = {isa = PBXFileReference; lastKnownFileType = sourcecode.c.h; path = list.h; sourceTree = "<group>"; };
		4081BA182A9326D0007CCF36 /* list.c */ = {isa = PBXFileReference; lastKnownFileType = sourcecode.c.c; path = list.c; sourceTree = "<group>"; };
		4081BA1C2A935B98007CCF36 /* SDL2_mixer.framework */ = {isa = PBXFileReference; lastKnownFileType = wrapper.framework; name = SDL2_mixer.framework; path = ../../../../../../Library/Frameworks/SDL2_mixer.framework; sourceTree = "<group>"; };
		4081BA1D2A935B98007CCF36 /* SDL2_image.framework */ = {isa = PBXFileReference; lastKnownFileType = wrapper.framework; name = SDL2_image.framework; path = ../../../../../../Library/Frameworks/SDL2_image.framework; sourceTree = "<group>"; };
		4081BA1E2A935B98007CCF36 /* SDL2.framework */ = {isa = PBXFileReference; lastKnownFileType = wrapper.framework; name = SDL2.framework; path = ../../../../../../Library/Frameworks/SDL2.framework; sourceTree = "<group>"; };
		4081BA222A935C4E007CCF36 /* types.h */ = {isa = PBXFileReference; lastKnownFileType = sourcecode.c.h; path = types.h; sourceTree = "<group>"; };
		4081BA232A935DD0007CCF36 /* setup.h */ = {isa = PBXFileReference; lastKnownFileType = sourcecode.c.h; path = setup.h; sourceTree = "<group>"; };
		4081BA242A935DD0007CCF36 /* setup.c */ = {isa = PBXFileReference; lastKnownFileType = sourcecode.c.c; path = setup.c; sourceTree = "<group>"; };
		40AA98FE2A8EE74300E7E0A1 /* Farm Defense */ = {isa = PBXFileReference; explicitFileType = "compiled.mach-o.executable"; includeInIndex = 0; path = "Farm Defense"; sourceTree = BUILT_PRODUCTS_DIR; };
		40AA99012A8EE74300E7E0A1 /* main.c */ = {isa = PBXFileReference; lastKnownFileType = sourcecode.c.c; path = main.c; sourceTree = "<group>"; };
		40BA4A7D2A945995008A789F /* render.h */ = {isa = PBXFileReference; lastKnownFileType = sourcecode.c.h; path = render.h; sourceTree = "<group>"; };
		40BA4A7E2A945995008A789F /* render.c */ = {isa = PBXFileReference; lastKnownFileType = sourcecode.c.c; path = render.c; sourceTree = "<group>"; };
		40BA4A862A948641008A789F /* map.h */ = {isa = PBXFileReference; lastKnownFileType = sourcecode.c.h; path = map.h; sourceTree = "<group>"; };
		40C8AE8E2A99EC1000B4BADA /* VT323-Regular.ttf */ = {isa = PBXFileReference; lastKnownFileType = file; path = "VT323-Regular.ttf"; sourceTree = "<group>"; };
		40EABCD02A96CC7A00D45925 /* assets.xcassets */ = {isa = PBXFileReference; lastKnownFileType = folder.assetcatalog; path = assets.xcassets; sourceTree = "<group>"; };
		40EABCD12A96F01D00D45925 /* input.h */ = {isa = PBXFileReference; lastKnownFileType = sourcecode.c.h; path = input.h; sourceTree = "<group>"; };
		40EABCD22A96F01D00D45925 /* input.c */ = {isa = PBXFileReference; lastKnownFileType = sourcecode.c.c; path = input.c; sourceTree = "<group>"; };
/* End PBXFileReference section */

/* Begin PBXFrameworksBuildPhase section */
		40AA98FB2A8EE74300E7E0A1 /* Frameworks */ = {
			isa = PBXFrameworksBuildPhase;
			buildActionMask = 2147483647;
			files = (
				406538C32A99C5220036DC67 /* SDL2_ttf.framework in Frameworks */,
				4081BA1F2A935B98007CCF36 /* SDL2_mixer.framework in Frameworks */,
				4081BA202A935B98007CCF36 /* SDL2_image.framework in Frameworks */,
				4081BA212A935B98007CCF36 /* SDL2.framework in Frameworks */,
			);
			runOnlyForDeploymentPostprocessing = 0;
		};
/* End PBXFrameworksBuildPhase section */

/* Begin PBXGroup section */
		4081BA1B2A935B98007CCF36 /* Frameworks */ = {
			isa = PBXGroup;
			children = (
				406538C22A99C5220036DC67 /* SDL2_ttf.framework */,
				4081BA1D2A935B98007CCF36 /* SDL2_image.framework */,
				4081BA1C2A935B98007CCF36 /* SDL2_mixer.framework */,
				4081BA1E2A935B98007CCF36 /* SDL2.framework */,
			);
			name = Frameworks;
			sourceTree = "<group>";
		};
		40AA98F52A8EE74300E7E0A1 = {
			isa = PBXGroup;
			children = (
				40AA99002A8EE74300E7E0A1 /* Farm Defense */,
				40AA98FF2A8EE74300E7E0A1 /* Products */,
				4081BA1B2A935B98007CCF36 /* Frameworks */,
			);
			sourceTree = "<group>";
		};
		40AA98FF2A8EE74300E7E0A1 /* Products */ = {
			isa = PBXGroup;
			children = (
				40AA98FE2A8EE74300E7E0A1 /* Farm Defense */,
			);
			name = Products;
			sourceTree = "<group>";
		};
		40AA99002A8EE74300E7E0A1 /* Farm Defense */ = {
			isa = PBXGroup;
			children = (
				40C8AE8E2A99EC1000B4BADA /* VT323-Regular.ttf */,
				40EABCD02A96CC7A00D45925 /* assets.xcassets */,
				40AA99092A8EE75D00E7E0A1 /* src */,
			);
			path = "Farm Defense";
			sourceTree = "<group>";
		};
		40AA99092A8EE75D00E7E0A1 /* src */ = {
			isa = PBXGroup;
			children = (
				4081BA222A935C4E007CCF36 /* types.h */,
				40BA4A862A948641008A789F /* map.h */,
				40AA99012A8EE74300E7E0A1 /* main.c */,
				4081BA232A935DD0007CCF36 /* setup.h */,
				4081BA242A935DD0007CCF36 /* setup.c */,
				4081BA172A9326D0007CCF36 /* list.h */,
				4081BA182A9326D0007CCF36 /* list.c */,
				40BA4A7D2A945995008A789F /* render.h */,
				40BA4A7E2A945995008A789F /* render.c */,
				40EABCD12A96F01D00D45925 /* input.h */,
				40EABCD22A96F01D00D45925 /* input.c */,
				404262EE2A988CB200FE24A1 /* update.h */,
				404262EF2A988CB200FE24A1 /* update.c */,
				400930DF2A9C664E009B31BF /* utils.h */,
				400930E02A9C664E009B31BF /* utils.c */,
			);
			path = src;
			sourceTree = "<group>";
		};
/* End PBXGroup section */

/* Begin PBXNativeTarget section */
		40AA98FD2A8EE74300E7E0A1 /* Farm Defense */ = {
			isa = PBXNativeTarget;
			buildConfigurationList = 40AA99052A8EE74300E7E0A1 /* Build configuration list for PBXNativeTarget "Farm Defense" */;
			buildPhases = (
				40AA98FA2A8EE74300E7E0A1 /* Sources */,
				40AA98FB2A8EE74300E7E0A1 /* Frameworks */,
				40AA98FC2A8EE74300E7E0A1 /* CopyFiles */,
			);
			buildRules = (
			);
			dependencies = (
			);
			name = "Farm Defense";
			productName = "Farm Defense";
			productReference = 40AA98FE2A8EE74300E7E0A1 /* Farm Defense */;
			productType = "com.apple.product-type.tool";
		};
/* End PBXNativeTarget section */

/* Begin PBXProject section */
		40AA98F62A8EE74300E7E0A1 /* Project object */ = {
			isa = PBXProject;
			attributes = {
				BuildIndependentTargetsInParallel = 1;
				LastUpgradeCheck = 1430;
				TargetAttributes = {
					40AA98FD2A8EE74300E7E0A1 = {
						CreatedOnToolsVersion = 14.3.1;
					};
				};
			};
			buildConfigurationList = 40AA98F92A8EE74300E7E0A1 /* Build configuration list for PBXProject "Farm Defense" */;
			compatibilityVersion = "Xcode 14.0";
			developmentRegion = en;
			hasScannedForEncodings = 0;
			knownRegions = (
				en,
				Base,
			);
			mainGroup = 40AA98F52A8EE74300E7E0A1;
			productRefGroup = 40AA98FF2A8EE74300E7E0A1 /* Products */;
			projectDirPath = "";
			projectRoot = "";
			targets = (
				40AA98FD2A8EE74300E7E0A1 /* Farm Defense */,
			);
		};
/* End PBXProject section */

/* Begin PBXSourcesBuildPhase section */
		40AA98FA2A8EE74300E7E0A1 /* Sources */ = {
			isa = PBXSourcesBuildPhase;
			buildActionMask = 2147483647;
			files = (
				4081BA252A935DD0007CCF36 /* setup.c in Sources */,
				400930E12A9C664E009B31BF /* utils.c in Sources */,
				40BA4A7F2A945995008A789F /* render.c in Sources */,
				404262F02A988CB200FE24A1 /* update.c in Sources */,
				40EABCD32A96F01D00D45925 /* input.c in Sources */,
				40AA99022A8EE74300E7E0A1 /* main.c in Sources */,
				4081BA192A9326D0007CCF36 /* list.c in Sources */,
			);
			runOnlyForDeploymentPostprocessing = 0;
		};
/* End PBXSourcesBuildPhase section */

/* Begin XCBuildConfiguration section */
		40AA99032A8EE74300E7E0A1 /* Debug */ = {
			isa = XCBuildConfiguration;
			buildSettings = {
				ALWAYS_SEARCH_USER_PATHS = NO;
				CLANG_ANALYZER_NONNULL = YES;
				CLANG_ANALYZER_NUMBER_OBJECT_CONVERSION = YES_AGGRESSIVE;
				CLANG_CXX_LANGUAGE_STANDARD = "gnu++20";
				CLANG_ENABLE_MODULES = YES;
				CLANG_ENABLE_OBJC_ARC = YES;
				CLANG_ENABLE_OBJC_WEAK = YES;
				CLANG_WARN_BLOCK_CAPTURE_AUTORELEASING = YES;
				CLANG_WARN_BOOL_CONVERSION = YES;
				CLANG_WARN_COMMA = YES;
				CLANG_WARN_CONSTANT_CONVERSION = YES;
				CLANG_WARN_DEPRECATED_OBJC_IMPLEMENTATIONS = YES;
				CLANG_WARN_DIRECT_OBJC_ISA_USAGE = YES_ERROR;
				CLANG_WARN_DOCUMENTATION_COMMENTS = YES;
				CLANG_WARN_EMPTY_BODY = YES;
				CLANG_WARN_ENUM_CONVERSION = YES;
				CLANG_WARN_INFINITE_RECURSION = YES;
				CLANG_WARN_INT_CONVERSION = YES;
				CLANG_WARN_NON_LITERAL_NULL_CONVERSION = YES;
				CLANG_WARN_OBJC_IMPLICIT_RETAIN_SELF = YES;
				CLANG_WARN_OBJC_LITERAL_CONVERSION = YES;
				CLANG_WARN_OBJC_ROOT_CLASS = YES_ERROR;
				CLANG_WARN_QUOTED_INCLUDE_IN_FRAMEWORK_HEADER = YES;
				CLANG_WARN_RANGE_LOOP_ANALYSIS = YES;
				CLANG_WARN_STRICT_PROTOTYPES = YES;
				CLANG_WARN_SUSPICIOUS_MOVE = YES;
				CLANG_WARN_UNGUARDED_AVAILABILITY = YES_AGGRESSIVE;
				CLANG_WARN_UNREACHABLE_CODE = YES;
				CLANG_WARN__DUPLICATE_METHOD_MATCH = YES;
				COPY_PHASE_STRIP = NO;
				DEBUG_INFORMATION_FORMAT = dwarf;
				ENABLE_STRICT_OBJC_MSGSEND = YES;
				ENABLE_TESTABILITY = YES;
				GCC_C_LANGUAGE_STANDARD = gnu11;
				GCC_DYNAMIC_NO_PIC = NO;
				GCC_NO_COMMON_BLOCKS = YES;
				GCC_OPTIMIZATION_LEVEL = 0;
				GCC_PREPROCESSOR_DEFINITIONS = (
					"DEBUG=1",
					"$(inherited)",
				);
				GCC_WARN_64_TO_32_BIT_CONVERSION = YES;
				GCC_WARN_ABOUT_RETURN_TYPE = YES_ERROR;
				GCC_WARN_UNDECLARED_SELECTOR = YES;
				GCC_WARN_UNINITIALIZED_AUTOS = YES_AGGRESSIVE;
				GCC_WARN_UNUSED_FUNCTION = YES;
				GCC_WARN_UNUSED_VARIABLE = YES;
				MACOSX_DEPLOYMENT_TARGET = 13.3;
				MTL_ENABLE_DEBUG_INFO = INCLUDE_SOURCE;
				MTL_FAST_MATH = YES;
				ONLY_ACTIVE_ARCH = YES;
				SDKROOT = macosx;
			};
			name = Debug;
		};
		40AA99042A8EE74300E7E0A1 /* Release */ = {
			isa = XCBuildConfiguration;
			buildSettings = {
				ALWAYS_SEARCH_USER_PATHS = NO;
				CLANG_ANALYZER_NONNULL = YES;
				CLANG_ANALYZER_NUMBER_OBJECT_CONVERSION = YES_AGGRESSIVE;
				CLANG_CXX_LANGUAGE_STANDARD = "gnu++20";
				CLANG_ENABLE_MODULES = YES;
				CLANG_ENABLE_OBJC_ARC = YES;
				CLANG_ENABLE_OBJC_WEAK = YES;
				CLANG_WARN_BLOCK_CAPTURE_AUTORELEASING = YES;
				CLANG_WARN_BOOL_CONVERSION = YES;
				CLANG_WARN_COMMA = YES;
				CLANG_WARN_CONSTANT_CONVERSION = YES;
				CLANG_WARN_DEPRECATED_OBJC_IMPLEMENTATIONS = YES;
				CLANG_WARN_DIRECT_OBJC_ISA_USAGE = YES_ERROR;
				CLANG_WARN_DOCUMENTATION_COMMENTS = YES;
				CLANG_WARN_EMPTY_BODY = YES;
				CLANG_WARN_ENUM_CONVERSION = YES;
				CLANG_WARN_INFINITE_RECURSION = YES;
				CLANG_WARN_INT_CONVERSION = YES;
				CLANG_WARN_NON_LITERAL_NULL_CONVERSION = YES;
				CLANG_WARN_OBJC_IMPLICIT_RETAIN_SELF = YES;
				CLANG_WARN_OBJC_LITERAL_CONVERSION = YES;
				CLANG_WARN_OBJC_ROOT_CLASS = YES_ERROR;
				CLANG_WARN_QUOTED_INCLUDE_IN_FRAMEWORK_HEADER = YES;
				CLANG_WARN_RANGE_LOOP_ANALYSIS = YES;
				CLANG_WARN_STRICT_PROTOTYPES = YES;
				CLANG_WARN_SUSPICIOUS_MOVE = YES;
				CLANG_WARN_UNGUARDED_AVAILABILITY = YES_AGGRESSIVE;
				CLANG_WARN_UNREACHABLE_CODE = YES;
				CLANG_WARN__DUPLICATE_METHOD_MATCH = YES;
				COPY_PHASE_STRIP = NO;
				DEBUG_INFORMATION_FORMAT = "dwarf-with-dsym";
				ENABLE_NS_ASSERTIONS = NO;
				ENABLE_STRICT_OBJC_MSGSEND = YES;
				GCC_C_LANGUAGE_STANDARD = gnu11;
				GCC_NO_COMMON_BLOCKS = YES;
				GCC_WARN_64_TO_32_BIT_CONVERSION = YES;
				GCC_WARN_ABOUT_RETURN_TYPE = YES_ERROR;
				GCC_WARN_UNDECLARED_SELECTOR = YES;
				GCC_WARN_UNINITIALIZED_AUTOS = YES_AGGRESSIVE;
				GCC_WARN_UNUSED_FUNCTION = YES;
				GCC_WARN_UNUSED_VARIABLE = YES;
				MACOSX_DEPLOYMENT_TARGET = 13.3;
				MTL_ENABLE_DEBUG_INFO = NO;
				MTL_FAST_MATH = YES;
				SDKROOT = macosx;
			};
			name = Release;
		};
		40AA99062A8EE74300E7E0A1 /* Debug */ = {
			isa = XCBuildConfiguration;
			buildSettings = {
				CODE_SIGN_STYLE = Automatic;
				FRAMEWORK_SEARCH_PATHS = (
					"$(inherited)",
					"$(LOCAL_LIBRARY_DIR)/Frameworks",
				);
				PRODUCT_NAME = "$(TARGET_NAME)";
			};
			name = Debug;
		};
		40AA99072A8EE74300E7E0A1 /* Release */ = {
			isa = XCBuildConfiguration;
			buildSettings = {
				CODE_SIGN_STYLE = Automatic;
				FRAMEWORK_SEARCH_PATHS = (
					"$(inherited)",
					"$(LOCAL_LIBRARY_DIR)/Frameworks",
				);
				PRODUCT_NAME = "$(TARGET_NAME)";
			};
			name = Release;
		};
/* End XCBuildConfiguration section */

/* Begin XCConfigurationList section */
		40AA98F92A8EE74300E7E0A1 /* Build configuration list for PBXProject "Farm Defense" */ = {
			isa = XCConfigurationList;
			buildConfigurations = (
				40AA99032A8EE74300E7E0A1 /* Debug */,
				40AA99042A8EE74300E7E0A1 /* Release */,
			);
			defaultConfigurationIsVisible = 0;
			defaultConfigurationName = Release;
		};
		40AA99052A8EE74300E7E0A1 /* Build configuration list for PBXNativeTarget "Farm Defense" */ = {
			isa = XCConfigurationList;
			buildConfigurations = (
				40AA99062A8EE74300E7E0A1 /* Debug */,
				40AA99072A8EE74300E7E0A1 /* Release */,
			);
			defaultConfigurationIsVisible = 0;
			defaultConfigurationName = Release;
		};
/* End XCConfigurationList section */
	};
	rootObject = 40AA98F62A8EE74300E7E0A1 /* Project object */;
}
